
Microsoft Visual Studio Solution File, Format Version 12.00
# Visual Studio Version 17
VisualStudioVersion = 17.6.33723.286
MinimumVisualStudioVersion = 10.0.40219.1
Project("{9A19103F-16F7-4668-BE54-9A1E7A4F7556}") = "ProductApi", "ProductApi.csproj", "{CDD1F372-D1CB-4AF4-92E6-63E8D6288C5D}"
EndProject
Global
	GlobalSection(SolutionConfigurationPlatforms) = preSolution
		Debug|Any CPU = Debug|Any CPU
		Release|Any CPU = Release|Any CPU
	EndGlobalSection
	GlobalSection(ProjectConfigurationPlatforms) = postSolution
		{CDD1F372-D1CB-4AF4-92E6-63E8D6288C5D}.Debug|Any CPU.ActiveCfg = Debug|Any CPU
		{CDD1F372-D1CB-4AF4-92E6-63E8D6288C5D}.Debug|Any CPU.Build.0 = Debug|Any CPU
		{CDD1F372-D1CB-4AF4-92E6-63E8D6288C5D}.Release|Any CPU.ActiveCfg = Release|Any CPU
		{CDD1F372-D1CB-4AF4-92E6-63E8D6288C5D}.Release|Any CPU.Build.0 = Release|Any CPU
	EndGlobalSection
	GlobalSection(SolutionProperties) = preSolution
		HideSolutionNode = FALSE
	EndGlobalSection
	GlobalSection(ExtensibilityGlobals) = postSolution
		SolutionGuid = {545DADFA-62A1-47FD-AE75-0468424DFF0C}
	EndGlobalSection
EndGlobal
